
Microsoft Visual Studio Solution File, Format Version 12.00
# Visual Studio Version 17
VisualStudioVersion = 17.5.33627.172
MinimumVisualStudioVersion = 10.0.40219.1
Project("{FAE04EC0-301F-11D3-BF4B-00C04F79EFBC}") = "SuperAdventure", "SuperAdventure.csproj", "{BF276C30-5DB7-432D-9DEC-18B0A8075588}"
	ProjectSection(ProjectDependencies) = postProject
		{03EE84D0-D5D6-488B-8E57-8C173FE34453} = {03EE84D0-D5D6-488B-8E57-8C173FE34453}
	EndProjectSection
EndProject
Project("{FAE04EC0-301F-11D3-BF4B-00C04F79EFBC}") = "Engine", "..\Engine\Engine.csproj", "{03EE84D0-D5D6-488B-8E57-8C173FE34453}"
EndProject
Global
	GlobalSection(SolutionConfigurationPlatforms) = preSolution
		Debug|Any CPU = Debug|Any CPU
		Release|Any CPU = Release|Any CPU
	EndGlobalSection
	GlobalSection(ProjectConfigurationPlatforms) = postSolution
		{BF276C30-5DB7-432D-9DEC-18B0A8075588}.Debug|Any CPU.ActiveCfg = Debug|Any CPU
		{BF276C30-5DB7-432D-9DEC-18B0A8075588}.Debug|Any CPU.Build.0 = Debug|Any CPU
		{BF276C30-5DB7-432D-9DEC-18B0A8075588}.Release|Any CPU.ActiveCfg = Release|Any CPU
		{BF276C30-5DB7-432D-9DEC-18B0A8075588}.Release|Any CPU.Build.0 = Release|Any CPU
		{03EE84D0-D5D6-488B-8E57-8C173FE34453}.Debug|Any CPU.ActiveCfg = Debug|Any CPU
		{03EE84D0-D5D6-488B-8E57-8C173FE34453}.Debug|Any CPU.Build.0 = Debug|Any CPU
		{03EE84D0-D5D6-488B-8E57-8C173FE34453}.Release|Any CPU.ActiveCfg = Release|Any CPU
		{03EE84D0-D5D6-488B-8E57-8C173FE34453}.Release|Any CPU.Build.0 = Release|Any CPU
	EndGlobalSection
	GlobalSection(SolutionProperties) = preSolution
		HideSolutionNode = FALSE
	EndGlobalSection
	GlobalSection(ExtensibilityGlobals) = postSolution
		SolutionGuid = {B6298A6A-E655-4024-825F-7E6A608E8215}
	EndGlobalSection
EndGlobal
